{
  "requires": true,
  "lockfileVersion": 1,
  "dependencies": {
    "@ng-select/ng-select": {
      "version": "3.0.7",
      "resolved": "https://registry.npmjs.org/@ng-select/ng-select/-/ng-select-3.0.7.tgz",
      "integrity": "sha512-PckxF7pGmz2k8enaourVnnN6G/1pfuJdjo6LA4yTA/1nMAYqCEuHsiuN8mCs7haWV2rx6tzQDxySuYH/2y8pwA==",
      "requires": {
        "tslib": "^1.9.0"
      }
    },
    "tslib": {
      "version": "1.10.0",
      "resolved": "https://registry.npmjs.org/tslib/-/tslib-1.10.0.tgz",
      "integrity": "sha512-qOebF53frne81cf0S9B41ByenJ3/IuH8yJKngAX35CmiZySA0khhkovshKK+jGCaMnVomla7gVlIcc3EvKPbTQ=="
    }
  }
}
